
Microsoft Visual Studio Solution File, Format Version 12.00
# Visual Studio Version 17
VisualStudioVersion = 17.6.33801.468
MinimumVisualStudioVersion = 10.0.40219.1
Project("{9A19103F-16F7-4668-BE54-9A1E7A4F7556}") = "Modern.WindowKit", "src\Modern.WindowKit\Modern.WindowKit.csproj", "{222E304D-B59E-45EA-8EB1-8A56F893F550}"
EndProject
Project("{9A19103F-16F7-4668-BE54-9A1E7A4F7556}") = "Modern.Forms", "src\Modern.Forms\Modern.Forms.csproj", "{B28A0941-A711-440B-AFE3-F3207B262F77}"
EndProject
Project("{2150E333-8FDC-42A3-9474-1A3956D46DE8}") = "lib", "lib", "{41FB64C5-1513-4490-9BB9-973EC4B8984F}"
EndProject
Project("{2150E333-8FDC-42A3-9474-1A3956D46DE8}") = "ScottPlot", "ScottPlot", "{868E12A9-EA9D-4C65-A2F5-FD8174D41A60}"
EndProject
Project("{9A19103F-16F7-4668-BE54-9A1E7A4F7556}") = "ScottPlot Cookbook", "lib\ScottPlot\ScottPlot5 Cookbook\ScottPlot Cookbook.csproj", "{2A9AC8BA-B357-4C23-80D7-0E58B6ECAED4}"
EndProject
Project("{9A19103F-16F7-4668-BE54-9A1E7A4F7556}") = "Modern.Forms.ScottPlot", "lib\ScottPlot\Modern.Forms.ScottPlot\Modern.Forms.ScottPlot.csproj", "{3B054672-1063-4253-A8F4-AB55557D3B48}"
EndProject
Project("{9A19103F-16F7-4668-BE54-9A1E7A4F7556}") = "Modern.Forms.Demo.ScottPlot", "lib\ScottPlot\Modern.Forms.Demo.ScottPlot\Modern.Forms.Demo.ScottPlot.csproj", "{493A95FD-DE9E-478F-AB92-A9282412B158}"
EndProject
Project("{2150E333-8FDC-42A3-9474-1A3956D46DE8}") = "HtmlRenderer", "HtmlRenderer", "{627977E7-04ED-456B-9403-0AAEB2BF641E}"
EndProject
Project("{9A19103F-16F7-4668-BE54-9A1E7A4F7556}") = "Modern.Forms.HtmlRenderer", "lib\HtmlRenderer\Modern.Forms.HtmlRenderer\Modern.Forms.HtmlRenderer.csproj", "{F71C15F2-0205-4DC9-BFF5-AC1CAA0EB434}"
EndProject
Project("{9A19103F-16F7-4668-BE54-9A1E7A4F7556}") = "Modern.Forms.Demo.HtmlRenderer", "lib\HtmlRenderer\Modern.Forms.Demo.HtmlRenderer\Modern.Forms.Demo.HtmlRenderer.csproj", "{5A2ED97F-FA51-4B50-B42E-7B53D4BE6F6A}"
EndProject
Project("{2150E333-8FDC-42A3-9474-1A3956D46DE8}") = "GMapNET", "GMapNET", "{BA84A968-CDBB-4AA3-857B-17905F50394B}"
EndProject
Project("{9A19103F-16F7-4668-BE54-9A1E7A4F7556}") = "Modern.Forms.GMapNET", "lib\GMapNET\Modern.Forms.GMapNET\Modern.Forms.GMapNET.csproj", "{D5DEDC77-4B83-4CFD-8C45-4A764487F035}"
EndProject
Project("{9A19103F-16F7-4668-BE54-9A1E7A4F7556}") = "Modern.Forms.Demo.GMapNET", "lib\GMapNET\Modern.Forms.Demo.GMapNET\Modern.Forms.Demo.GMapNET.csproj", "{DA0B9FC4-55E5-4B85-82DC-FEDB30547E8F}"
EndProject
Project("{2150E333-8FDC-42A3-9474-1A3956D46DE8}") = "src", "src", "{32255568-8DA2-4085-9894-8C60890EEACB}"
EndProject
Project("{2150E333-8FDC-42A3-9474-1A3956D46DE8}") = "MonthCalendar", "MonthCalendar", "{4B840384-0997-496F-ADCE-FC1AEC60E01F}"
EndProject
Project("{9A19103F-16F7-4668-BE54-9A1E7A4F7556}") = "Modern.Forms.MonthCalendar", "lib\MonthCalendar\Modern.Forms.MonthCalendar\Modern.Forms.MonthCalendar.csproj", "{B9D93B1D-443A-45DF-BA0C-B9EFA54FF311}"
EndProject
Project("{2150E333-8FDC-42A3-9474-1A3956D46DE8}") = "Solution Items", "Solution Items", "{2E555789-2B44-4FA5-90D5-B8ADAC3FD2B0}"
	ProjectSection(SolutionItems) = preProject
		README.md = README.md
	EndProjectSection
EndProject
Project("{2150E333-8FDC-42A3-9474-1A3956D46DE8}") = "img", "img", "{4F7AB3E1-5F2F-4A81-BD77-D1E42FD9E87B}"
	ProjectSection(SolutionItems) = preProject
		img\calendar.png = img\calendar.png
		img\dark_theme.png = img\dark_theme.png
		img\gmap.png = img\gmap.png
		img\htmlrenderer.png = img\htmlrenderer.png
		img\scottplot.png = img\scottplot.png
	EndProjectSection
EndProject
Global
	GlobalSection(SolutionConfigurationPlatforms) = preSolution
		Debug|Any CPU = Debug|Any CPU
		Release|Any CPU = Release|Any CPU
	EndGlobalSection
	GlobalSection(ProjectConfigurationPlatforms) = postSolution
		{222E304D-B59E-45EA-8EB1-8A56F893F550}.Debug|Any CPU.ActiveCfg = Debug|Any CPU
		{222E304D-B59E-45EA-8EB1-8A56F893F550}.Debug|Any CPU.Build.0 = Debug|Any CPU
		{222E304D-B59E-45EA-8EB1-8A56F893F550}.Release|Any CPU.ActiveCfg = Release|Any CPU
		{222E304D-B59E-45EA-8EB1-8A56F893F550}.Release|Any CPU.Build.0 = Release|Any CPU
		{B28A0941-A711-440B-AFE3-F3207B262F77}.Debug|Any CPU.ActiveCfg = Debug|Any CPU
		{B28A0941-A711-440B-AFE3-F3207B262F77}.Debug|Any CPU.Build.0 = Debug|Any CPU
		{B28A0941-A711-440B-AFE3-F3207B262F77}.Release|Any CPU.ActiveCfg = Release|Any CPU
		{B28A0941-A711-440B-AFE3-F3207B262F77}.Release|Any CPU.Build.0 = Release|Any CPU
		{2A9AC8BA-B357-4C23-80D7-0E58B6ECAED4}.Debug|Any CPU.ActiveCfg = Debug|Any CPU
		{2A9AC8BA-B357-4C23-80D7-0E58B6ECAED4}.Debug|Any CPU.Build.0 = Debug|Any CPU
		{2A9AC8BA-B357-4C23-80D7-0E58B6ECAED4}.Release|Any CPU.ActiveCfg = Release|Any CPU
		{2A9AC8BA-B357-4C23-80D7-0E58B6ECAED4}.Release|Any CPU.Build.0 = Release|Any CPU
		{3B054672-1063-4253-A8F4-AB55557D3B48}.Debug|Any CPU.ActiveCfg = Debug|Any CPU
		{3B054672-1063-4253-A8F4-AB55557D3B48}.Debug|Any CPU.Build.0 = Debug|Any CPU
		{3B054672-1063-4253-A8F4-AB55557D3B48}.Release|Any CPU.ActiveCfg = Release|Any CPU
		{3B054672-1063-4253-A8F4-AB55557D3B48}.Release|Any CPU.Build.0 = Release|Any CPU
		{493A95FD-DE9E-478F-AB92-A9282412B158}.Debug|Any CPU.ActiveCfg = Debug|Any CPU
		{493A95FD-DE9E-478F-AB92-A9282412B158}.Debug|Any CPU.Build.0 = Debug|Any CPU
		{493A95FD-DE9E-478F-AB92-A9282412B158}.Release|Any CPU.ActiveCfg = Release|Any CPU
		{493A95FD-DE9E-478F-AB92-A9282412B158}.Release|Any CPU.Build.0 = Release|Any CPU
		{F71C15F2-0205-4DC9-BFF5-AC1CAA0EB434}.Debug|Any CPU.ActiveCfg = Debug|Any CPU
		{F71C15F2-0205-4DC9-BFF5-AC1CAA0EB434}.Debug|Any CPU.Build.0 = Debug|Any CPU
		{F71C15F2-0205-4DC9-BFF5-AC1CAA0EB434}.Release|Any CPU.ActiveCfg = Release|Any CPU
		{F71C15F2-0205-4DC9-BFF5-AC1CAA0EB434}.Release|Any CPU.Build.0 = Release|Any CPU
		{5A2ED97F-FA51-4B50-B42E-7B53D4BE6F6A}.Debug|Any CPU.ActiveCfg = Debug|Any CPU
		{5A2ED97F-FA51-4B50-B42E-7B53D4BE6F6A}.Debug|Any CPU.Build.0 = Debug|Any CPU
		{5A2ED97F-FA51-4B50-B42E-7B53D4BE6F6A}.Release|Any CPU.ActiveCfg = Release|Any CPU
		{5A2ED97F-FA51-4B50-B42E-7B53D4BE6F6A}.Release|Any CPU.Build.0 = Release|Any CPU
		{D5DEDC77-4B83-4CFD-8C45-4A764487F035}.Debug|Any CPU.ActiveCfg = Debug|Any CPU
		{D5DEDC77-4B83-4CFD-8C45-4A764487F035}.Debug|Any CPU.Build.0 = Debug|Any CPU
		{D5DEDC77-4B83-4CFD-8C45-4A764487F035}.Release|Any CPU.ActiveCfg = Release|Any CPU
		{D5DEDC77-4B83-4CFD-8C45-4A764487F035}.Release|Any CPU.Build.0 = Release|Any CPU
		{DA0B9FC4-55E5-4B85-82DC-FEDB30547E8F}.Debug|Any CPU.ActiveCfg = Debug|Any CPU
		{DA0B9FC4-55E5-4B85-82DC-FEDB30547E8F}.Debug|Any CPU.Build.0 = Debug|Any CPU
		{DA0B9FC4-55E5-4B85-82DC-FEDB30547E8F}.Release|Any CPU.ActiveCfg = Release|Any CPU
		{DA0B9FC4-55E5-4B85-82DC-FEDB30547E8F}.Release|Any CPU.Build.0 = Release|Any CPU
		{B9D93B1D-443A-45DF-BA0C-B9EFA54FF311}.Debug|Any CPU.ActiveCfg = Debug|Any CPU
		{B9D93B1D-443A-45DF-BA0C-B9EFA54FF311}.Debug|Any CPU.Build.0 = Debug|Any CPU
		{B9D93B1D-443A-45DF-BA0C-B9EFA54FF311}.Release|Any CPU.ActiveCfg = Release|Any CPU
		{B9D93B1D-443A-45DF-BA0C-B9EFA54FF311}.Release|Any CPU.Build.0 = Release|Any CPU
	EndGlobalSection
	GlobalSection(SolutionProperties) = preSolution
		HideSolutionNode = FALSE
	EndGlobalSection
	GlobalSection(NestedProjects) = preSolution
		{222E304D-B59E-45EA-8EB1-8A56F893F550} = {32255568-8DA2-4085-9894-8C60890EEACB}
		{B28A0941-A711-440B-AFE3-F3207B262F77} = {32255568-8DA2-4085-9894-8C60890EEACB}
		{868E12A9-EA9D-4C65-A2F5-FD8174D41A60} = {41FB64C5-1513-4490-9BB9-973EC4B8984F}
		{2A9AC8BA-B357-4C23-80D7-0E58B6ECAED4} = {868E12A9-EA9D-4C65-A2F5-FD8174D41A60}
		{3B054672-1063-4253-A8F4-AB55557D3B48} = {868E12A9-EA9D-4C65-A2F5-FD8174D41A60}
		{493A95FD-DE9E-478F-AB92-A9282412B158} = {868E12A9-EA9D-4C65-A2F5-FD8174D41A60}
		{627977E7-04ED-456B-9403-0AAEB2BF641E} = {41FB64C5-1513-4490-9BB9-973EC4B8984F}
		{F71C15F2-0205-4DC9-BFF5-AC1CAA0EB434} = {627977E7-04ED-456B-9403-0AAEB2BF641E}
		{5A2ED97F-FA51-4B50-B42E-7B53D4BE6F6A} = {627977E7-04ED-456B-9403-0AAEB2BF641E}
		{BA84A968-CDBB-4AA3-857B-17905F50394B} = {41FB64C5-1513-4490-9BB9-973EC4B8984F}
		{D5DEDC77-4B83-4CFD-8C45-4A764487F035} = {BA84A968-CDBB-4AA3-857B-17905F50394B}
		{DA0B9FC4-55E5-4B85-82DC-FEDB30547E8F} = {BA84A968-CDBB-4AA3-857B-17905F50394B}
		{4B840384-0997-496F-ADCE-FC1AEC60E01F} = {41FB64C5-1513-4490-9BB9-973EC4B8984F}
		{B9D93B1D-443A-45DF-BA0C-B9EFA54FF311} = {4B840384-0997-496F-ADCE-FC1AEC60E01F}
		{4F7AB3E1-5F2F-4A81-BD77-D1E42FD9E87B} = {2E555789-2B44-4FA5-90D5-B8ADAC3FD2B0}
	EndGlobalSection
	GlobalSection(ExtensibilityGlobals) = postSolution
		SolutionGuid = {05A6D0DB-1EE0-4174-B095-3154EE5DD9F9}
	EndGlobalSection
EndGlobal
